
Microsoft Visual Studio Solution File, Format Version 12.00
# Visual Studio Version 17
VisualStudioVersion = 17.0.31912.275
MinimumVisualStudioVersion = 10.0.40219.1
Project("{9A19103F-16F7-4668-BE54-9A1E7A4F7556}") = "Telegram_bot", "Bot_tg\Telegram_bot.csproj", "{D3A4FD89-07DD-4964-9F13-5559EC06FFBB}"
EndProject
Project("{9A19103F-16F7-4668-BE54-9A1E7A4F7556}") = "TestProject1", "TestProject1\TestProject1.csproj", "{A47EC315-36E7-4395-8341-A38821FD4F16}"
EndProject
Global
	GlobalSection(SolutionConfigurationPlatforms) = preSolution
		Debug|Any CPU = Debug|Any CPU
		Release|Any CPU = Release|Any CPU
	EndGlobalSection
	GlobalSection(ProjectConfigurationPlatforms) = postSolution
		{D3A4FD89-07DD-4964-9F13-5559EC06FFBB}.Debug|Any CPU.ActiveCfg = Debug|Any CPU
		{D3A4FD89-07DD-4964-9F13-5559EC06FFBB}.Debug|Any CPU.Build.0 = Debug|Any CPU
		{D3A4FD89-07DD-4964-9F13-5559EC06FFBB}.Release|Any CPU.ActiveCfg = Release|Any CPU
		{D3A4FD89-07DD-4964-9F13-5559EC06FFBB}.Release|Any CPU.Build.0 = Release|Any CPU
		{A47EC315-36E7-4395-8341-A38821FD4F16}.Debug|Any CPU.ActiveCfg = Debug|Any CPU
		{A47EC315-36E7-4395-8341-A38821FD4F16}.Debug|Any CPU.Build.0 = Debug|Any CPU
		{A47EC315-36E7-4395-8341-A38821FD4F16}.Release|Any CPU.ActiveCfg = Release|Any CPU
		{A47EC315-36E7-4395-8341-A38821FD4F16}.Release|Any CPU.Build.0 = Release|Any CPU
	EndGlobalSection
	GlobalSection(SolutionProperties) = preSolution
		HideSolutionNode = FALSE
	EndGlobalSection
	GlobalSection(ExtensibilityGlobals) = postSolution
		SolutionGuid = {A2ED7C05-AF84-4D6C-8EF3-75DCCC7A6224}
	EndGlobalSection
EndGlobal
